
Microsoft Visual Studio Solution File, Format Version 12.00
# Visual Studio Version 17
VisualStudioVersion = 17.7.34202.233
MinimumVisualStudioVersion = 10.0.40219.1
Project("{8BC9CEB8-8B4A-11D0-8D11-00A0C91BC942}") = "StatsLib", "StatsLib\StatsLib.vcxproj", "{2E486876-D759-45BB-941F-3E10F28F5831}"
EndProject
Project("{8BC9CEB8-8B4A-11D0-8D11-00A0C91BC942}") = "StatsLibTest", "StatsLibTest\StatsLibTest.vcxproj", "{E46DB9CC-A9C6-4348-9E93-C9406E82E5F2}"
EndProject
Project("{8BC9CEB8-8B4A-11D0-8D11-00A0C91BC942}") = "StatsConsole", "StatsConsole\StatsConsole.vcxproj", "{5A9EFFDD-692F-4B69-B4C8-88061653F1F1}"
EndProject
Project("{8BC9CEB8-8B4A-11D0-8D11-00A0C91BC942}") = "StatsDll", "StatsDll\StatsDll.vcxproj", "{B9A8667A-2B2E-455A-82E7-FF6F51A0847D}"
EndProject
Project("{8BC9CEB8-8B4A-11D0-8D11-00A0C91BC942}") = "StatsViewer", "StatsViewer\StatsViewer.vcxproj", "{42E73648-EA6C-49B3-BDD9-885A5CAD5869}"
EndProject
Project("{8BC9CEB8-8B4A-11D0-8D11-00A0C91BC942}") = "StatsCLR", "StatsCLR\StatsCLR.vcxproj", "{D1F3B723-752C-4DEB-934D-692BF3C50E03}"
EndProject
Project("{FAE04EC0-301F-11D3-BF4B-00C04F79EFBC}") = "StatsClient", "StatsClient\StatsClient.csproj", "{F960928D-8C8B-43D7-B848-396C3BE6C852}"
EndProject
Project("{FAE04EC0-301F-11D3-BF4B-00C04F79EFBC}") = "StatsExcel", "StatsExcel\StatsExcel.csproj", "{4B11831C-9FED-47AB-B1AE-CA8AD2DC2903}"
EndProject
Project("{8BC9CEB8-8B4A-11D0-8D11-00A0C91BC942}") = "StatsPythonBoost", "StatsPythonBoost\StatsPythonBoost.vcxproj", "{1B068FF3-2B74-4856-9BE5-A29308EC638E}"
EndProject
Project("{8BC9CEB8-8B4A-11D0-8D11-00A0C91BC942}") = "StatsPythonPyBind", "StatsPythonPyBind\StatsPythonPyBind.vcxproj", "{620C542B-DFEE-4241-B247-89B6BC91433E}"
EndProject
Project("{8BC9CEB8-8B4A-11D0-8D11-00A0C91BC942}") = "StatsPythonRaw", "StatsPythonRaw\StatsPythonRaw.vcxproj", "{12106819-6172-4B77-ABAD-3EDE229B76C1}"
EndProject
Project("{FAE04EC0-301F-11D3-BF4B-00C04F79EFBC}") = "StatsCLR.UnitTests", "StatsCLR.UnitTests\StatsCLR.UnitTests.csproj", "{CB517760-8E46-4AF2-AC4C-F41035A8D40B}"
EndProject
Project("{8BC9CEB8-8B4A-11D0-8D11-00A0C91BC942}") = "StatsATLCOM", "StatsATLCOM\StatsATLCOM.vcxproj", "{B857AF42-3337-4716-8933-97ACF28B8785}"
EndProject
Project("{8BC9CEB8-8B4A-11D0-8D11-00A0C91BC942}") = "StatisticsLibrary", "StatisticsLibrary\StatisticsLibrary.vcxproj", "{B43585F1-83D4-442F-BB80-F56052F69EA0}"
EndProject
Project("{8BC9CEB8-8B4A-11D0-8D11-00A0C91BC942}") = "StatisticsLibraryWRC", "StatisticsLibraryWRC\StatisticsLibraryWRC.vcxproj", "{3A87237A-9649-4432-981A-4A7B160EFC79}"
EndProject
Project("{9A19103F-16F7-4668-BE54-9A1E7A4F7556}") = "StatisticsLibraryProjection", "StatisticsLibraryProjection\StatisticsLibraryProjection.csproj", "{C47C73C1-D749-4480-81A0-A156F17D8AFA}"
EndProject
Project("{9A19103F-16F7-4668-BE54-9A1E7A4F7556}") = "StatisticsConsole", "StatisticsConsole\StatisticsConsole.csproj", "{AAEA4FBC-CEAB-4C1F-A0BD-0D1B2E88B726}"
EndProject
Project("{9A19103F-16F7-4668-BE54-9A1E7A4F7556}") = "StatisticsViewerWinUI", "StatisticsViewerWinUI\StatisticsViewerWinUI.csproj", "{752E618D-924E-4040-9177-B8BDA485ECA0}"
EndProject
Global
	GlobalSection(SolutionConfigurationPlatforms) = preSolution
		Debug|Any CPU = Debug|Any CPU
		Debug|ARM = Debug|ARM
		Debug|ARM64 = Debug|ARM64
		Debug|x64 = Debug|x64
		Debug|x86 = Debug|x86
		Release|Any CPU = Release|Any CPU
		Release|ARM = Release|ARM
		Release|ARM64 = Release|ARM64
		Release|x64 = Release|x64
		Release|x86 = Release|x86
	EndGlobalSection
	GlobalSection(ProjectConfigurationPlatforms) = postSolution
		{2E486876-D759-45BB-941F-3E10F28F5831}.Debug|Any CPU.ActiveCfg = Debug|Win32
		{2E486876-D759-45BB-941F-3E10F28F5831}.Debug|ARM.ActiveCfg = Debug|x64
		{2E486876-D759-45BB-941F-3E10F28F5831}.Debug|ARM.Build.0 = Debug|x64
		{2E486876-D759-45BB-941F-3E10F28F5831}.Debug|ARM64.ActiveCfg = Debug|x64
		{2E486876-D759-45BB-941F-3E10F28F5831}.Debug|ARM64.Build.0 = Debug|x64
		{2E486876-D759-45BB-941F-3E10F28F5831}.Debug|x64.ActiveCfg = Debug|x64
		{2E486876-D759-45BB-941F-3E10F28F5831}.Debug|x64.Build.0 = Debug|x64
		{2E486876-D759-45BB-941F-3E10F28F5831}.Debug|x86.ActiveCfg = Debug|Win32
		{2E486876-D759-45BB-941F-3E10F28F5831}.Debug|x86.Build.0 = Debug|Win32
		{2E486876-D759-45BB-941F-3E10F28F5831}.Release|Any CPU.ActiveCfg = Release|Win32
		{2E486876-D759-45BB-941F-3E10F28F5831}.Release|ARM.ActiveCfg = Release|x64
		{2E486876-D759-45BB-941F-3E10F28F5831}.Release|ARM.Build.0 = Release|x64
		{2E486876-D759-45BB-941F-3E10F28F5831}.Release|ARM64.ActiveCfg = Release|x64
		{2E486876-D759-45BB-941F-3E10F28F5831}.Release|ARM64.Build.0 = Release|x64
		{2E486876-D759-45BB-941F-3E10F28F5831}.Release|x64.ActiveCfg = Release|x64
		{2E486876-D759-45BB-941F-3E10F28F5831}.Release|x64.Build.0 = Release|x64
		{2E486876-D759-45BB-941F-3E10F28F5831}.Release|x86.ActiveCfg = Release|Win32
		{2E486876-D759-45BB-941F-3E10F28F5831}.Release|x86.Build.0 = Release|Win32
		{E46DB9CC-A9C6-4348-9E93-C9406E82E5F2}.Debug|Any CPU.ActiveCfg = Debug|Win32
		{E46DB9CC-A9C6-4348-9E93-C9406E82E5F2}.Debug|ARM.ActiveCfg = Debug|x64
		{E46DB9CC-A9C6-4348-9E93-C9406E82E5F2}.Debug|ARM.Build.0 = Debug|x64
		{E46DB9CC-A9C6-4348-9E93-C9406E82E5F2}.Debug|ARM64.ActiveCfg = Debug|x64
		{E46DB9CC-A9C6-4348-9E93-C9406E82E5F2}.Debug|ARM64.Build.0 = Debug|x64
		{E46DB9CC-A9C6-4348-9E93-C9406E82E5F2}.Debug|x64.ActiveCfg = Debug|x64
		{E46DB9CC-A9C6-4348-9E93-C9406E82E5F2}.Debug|x64.Build.0 = Debug|x64
		{E46DB9CC-A9C6-4348-9E93-C9406E82E5F2}.Debug|x86.ActiveCfg = Debug|Win32
		{E46DB9CC-A9C6-4348-9E93-C9406E82E5F2}.Debug|x86.Build.0 = Debug|Win32
		{E46DB9CC-A9C6-4348-9E93-C9406E82E5F2}.Release|Any CPU.ActiveCfg = Release|Win32
		{E46DB9CC-A9C6-4348-9E93-C9406E82E5F2}.Release|ARM.ActiveCfg = Release|x64
		{E46DB9CC-A9C6-4348-9E93-C9406E82E5F2}.Release|ARM.Build.0 = Release|x64
		{E46DB9CC-A9C6-4348-9E93-C9406E82E5F2}.Release|ARM64.ActiveCfg = Release|x64
		{E46DB9CC-A9C6-4348-9E93-C9406E82E5F2}.Release|ARM64.Build.0 = Release|x64
		{E46DB9CC-A9C6-4348-9E93-C9406E82E5F2}.Release|x64.ActiveCfg = Release|x64
		{E46DB9CC-A9C6-4348-9E93-C9406E82E5F2}.Release|x64.Build.0 = Release|x64
		{E46DB9CC-A9C6-4348-9E93-C9406E82E5F2}.Release|x86.ActiveCfg = Release|Win32
		{E46DB9CC-A9C6-4348-9E93-C9406E82E5F2}.Release|x86.Build.0 = Release|Win32
		{5A9EFFDD-692F-4B69-B4C8-88061653F1F1}.Debug|Any CPU.ActiveCfg = Debug|Win32
		{5A9EFFDD-692F-4B69-B4C8-88061653F1F1}.Debug|ARM.ActiveCfg = Debug|x64
		{5A9EFFDD-692F-4B69-B4C8-88061653F1F1}.Debug|ARM.Build.0 = Debug|x64
		{5A9EFFDD-692F-4B69-B4C8-88061653F1F1}.Debug|ARM64.ActiveCfg = Debug|x64
		{5A9EFFDD-692F-4B69-B4C8-88061653F1F1}.Debug|ARM64.Build.0 = Debug|x64
		{5A9EFFDD-692F-4B69-B4C8-88061653F1F1}.Debug|x64.ActiveCfg = Debug|x64
		{5A9EFFDD-692F-4B69-B4C8-88061653F1F1}.Debug|x64.Build.0 = Debug|x64
		{5A9EFFDD-692F-4B69-B4C8-88061653F1F1}.Debug|x86.ActiveCfg = Debug|Win32
		{5A9EFFDD-692F-4B69-B4C8-88061653F1F1}.Debug|x86.Build.0 = Debug|Win32
		{5A9EFFDD-692F-4B69-B4C8-88061653F1F1}.Release|Any CPU.ActiveCfg = Release|Win32
		{5A9EFFDD-692F-4B69-B4C8-88061653F1F1}.Release|ARM.ActiveCfg = Release|x64
		{5A9EFFDD-692F-4B69-B4C8-88061653F1F1}.Release|ARM.Build.0 = Release|x64
		{5A9EFFDD-692F-4B69-B4C8-88061653F1F1}.Release|ARM64.ActiveCfg = Release|x64
		{5A9EFFDD-692F-4B69-B4C8-88061653F1F1}.Release|ARM64.Build.0 = Release|x64
		{5A9EFFDD-692F-4B69-B4C8-88061653F1F1}.Release|x64.ActiveCfg = Release|x64
		{5A9EFFDD-692F-4B69-B4C8-88061653F1F1}.Release|x64.Build.0 = Release|x64
		{5A9EFFDD-692F-4B69-B4C8-88061653F1F1}.Release|x86.ActiveCfg = Release|Win32
		{5A9EFFDD-692F-4B69-B4C8-88061653F1F1}.Release|x86.Build.0 = Release|Win32
		{B9A8667A-2B2E-455A-82E7-FF6F51A0847D}.Debug|Any CPU.ActiveCfg = Debug|Win32
		{B9A8667A-2B2E-455A-82E7-FF6F51A0847D}.Debug|ARM.ActiveCfg = Debug|x64
		{B9A8667A-2B2E-455A-82E7-FF6F51A0847D}.Debug|ARM.Build.0 = Debug|x64
		{B9A8667A-2B2E-455A-82E7-FF6F51A0847D}.Debug|ARM64.ActiveCfg = Debug|x64
		{B9A8667A-2B2E-455A-82E7-FF6F51A0847D}.Debug|ARM64.Build.0 = Debug|x64
		{B9A8667A-2B2E-455A-82E7-FF6F51A0847D}.Debug|x64.ActiveCfg = Debug|x64
		{B9A8667A-2B2E-455A-82E7-FF6F51A0847D}.Debug|x64.Build.0 = Debug|x64
		{B9A8667A-2B2E-455A-82E7-FF6F51A0847D}.Debug|x86.ActiveCfg = Debug|Win32
		{B9A8667A-2B2E-455A-82E7-FF6F51A0847D}.Debug|x86.Build.0 = Debug|Win32
		{B9A8667A-2B2E-455A-82E7-FF6F51A0847D}.Release|Any CPU.ActiveCfg = Release|Win32
		{B9A8667A-2B2E-455A-82E7-FF6F51A0847D}.Release|ARM.ActiveCfg = Release|x64
		{B9A8667A-2B2E-455A-82E7-FF6F51A0847D}.Release|ARM.Build.0 = Release|x64
		{B9A8667A-2B2E-455A-82E7-FF6F51A0847D}.Release|ARM64.ActiveCfg = Release|x64
		{B9A8667A-2B2E-455A-82E7-FF6F51A0847D}.Release|ARM64.Build.0 = Release|x64
		{B9A8667A-2B2E-455A-82E7-FF6F51A0847D}.Release|x64.ActiveCfg = Release|x64
		{B9A8667A-2B2E-455A-82E7-FF6F51A0847D}.Release|x64.Build.0 = Release|x64
		{B9A8667A-2B2E-455A-82E7-FF6F51A0847D}.Release|x86.ActiveCfg = Release|Win32
		{B9A8667A-2B2E-455A-82E7-FF6F51A0847D}.Release|x86.Build.0 = Release|Win32
		{42E73648-EA6C-49B3-BDD9-885A5CAD5869}.Debug|Any CPU.ActiveCfg = Debug|Win32
		{42E73648-EA6C-49B3-BDD9-885A5CAD5869}.Debug|ARM.ActiveCfg = Debug|x64
		{42E73648-EA6C-49B3-BDD9-885A5CAD5869}.Debug|ARM.Build.0 = Debug|x64
		{42E73648-EA6C-49B3-BDD9-885A5CAD5869}.Debug|ARM64.ActiveCfg = Debug|x64
		{42E73648-EA6C-49B3-BDD9-885A5CAD5869}.Debug|ARM64.Build.0 = Debug|x64
		{42E73648-EA6C-49B3-BDD9-885A5CAD5869}.Debug|x64.ActiveCfg = Debug|x64
		{42E73648-EA6C-49B3-BDD9-885A5CAD5869}.Debug|x64.Build.0 = Debug|x64
		{42E73648-EA6C-49B3-BDD9-885A5CAD5869}.Debug|x86.ActiveCfg = Debug|Win32
		{42E73648-EA6C-49B3-BDD9-885A5CAD5869}.Debug|x86.Build.0 = Debug|Win32
		{42E73648-EA6C-49B3-BDD9-885A5CAD5869}.Release|Any CPU.ActiveCfg = Release|Win32
		{42E73648-EA6C-49B3-BDD9-885A5CAD5869}.Release|ARM.ActiveCfg = Release|x64
		{42E73648-EA6C-49B3-BDD9-885A5CAD5869}.Release|ARM.Build.0 = Release|x64
		{42E73648-EA6C-49B3-BDD9-885A5CAD5869}.Release|ARM64.ActiveCfg = Release|x64
		{42E73648-EA6C-49B3-BDD9-885A5CAD5869}.Release|ARM64.Build.0 = Release|x64
		{42E73648-EA6C-49B3-BDD9-885A5CAD5869}.Release|x64.ActiveCfg = Release|x64
		{42E73648-EA6C-49B3-BDD9-885A5CAD5869}.Release|x64.Build.0 = Release|x64
		{42E73648-EA6C-49B3-BDD9-885A5CAD5869}.Release|x86.ActiveCfg = Release|Win32
		{42E73648-EA6C-49B3-BDD9-885A5CAD5869}.Release|x86.Build.0 = Release|Win32
		{D1F3B723-752C-4DEB-934D-692BF3C50E03}.Debug|Any CPU.ActiveCfg = Debug|Win32
		{D1F3B723-752C-4DEB-934D-692BF3C50E03}.Debug|ARM.ActiveCfg = Debug|x64
		{D1F3B723-752C-4DEB-934D-692BF3C50E03}.Debug|ARM.Build.0 = Debug|x64
		{D1F3B723-752C-4DEB-934D-692BF3C50E03}.Debug|ARM64.ActiveCfg = Debug|x64
		{D1F3B723-752C-4DEB-934D-692BF3C50E03}.Debug|ARM64.Build.0 = Debug|x64
		{D1F3B723-752C-4DEB-934D-692BF3C50E03}.Debug|x64.ActiveCfg = Debug|x64
		{D1F3B723-752C-4DEB-934D-692BF3C50E03}.Debug|x64.Build.0 = Debug|x64
		{D1F3B723-752C-4DEB-934D-692BF3C50E03}.Debug|x86.ActiveCfg = Debug|Win32
		{D1F3B723-752C-4DEB-934D-692BF3C50E03}.Debug|x86.Build.0 = Debug|Win32
		{D1F3B723-752C-4DEB-934D-692BF3C50E03}.Release|Any CPU.ActiveCfg = Release|Win32
		{D1F3B723-752C-4DEB-934D-692BF3C50E03}.Release|ARM.ActiveCfg = Release|x64
		{D1F3B723-752C-4DEB-934D-692BF3C50E03}.Release|ARM.Build.0 = Release|x64
		{D1F3B723-752C-4DEB-934D-692BF3C50E03}.Release|ARM64.ActiveCfg = Release|x64
		{D1F3B723-752C-4DEB-934D-692BF3C50E03}.Release|ARM64.Build.0 = Release|x64
		{D1F3B723-752C-4DEB-934D-692BF3C50E03}.Release|x64.ActiveCfg = Release|x64
		{D1F3B723-752C-4DEB-934D-692BF3C50E03}.Release|x64.Build.0 = Release|x64
		{D1F3B723-752C-4DEB-934D-692BF3C50E03}.Release|x86.ActiveCfg = Release|Win32
		{D1F3B723-752C-4DEB-934D-692BF3C50E03}.Release|x86.Build.0 = Release|Win32
		{F960928D-8C8B-43D7-B848-396C3BE6C852}.Debug|Any CPU.ActiveCfg = Debug|Any CPU
		{F960928D-8C8B-43D7-B848-396C3BE6C852}.Debug|Any CPU.Build.0 = Debug|Any CPU
		{F960928D-8C8B-43D7-B848-396C3BE6C852}.Debug|ARM.ActiveCfg = Debug|Any CPU
		{F960928D-8C8B-43D7-B848-396C3BE6C852}.Debug|ARM.Build.0 = Debug|Any CPU
		{F960928D-8C8B-43D7-B848-396C3BE6C852}.Debug|ARM64.ActiveCfg = Debug|Any CPU
		{F960928D-8C8B-43D7-B848-396C3BE6C852}.Debug|ARM64.Build.0 = Debug|Any CPU
		{F960928D-8C8B-43D7-B848-396C3BE6C852}.Debug|x64.ActiveCfg = Debug|Any CPU
		{F960928D-8C8B-43D7-B848-396C3BE6C852}.Debug|x64.Build.0 = Debug|Any CPU
		{F960928D-8C8B-43D7-B848-396C3BE6C852}.Debug|x86.ActiveCfg = Debug|Any CPU
		{F960928D-8C8B-43D7-B848-396C3BE6C852}.Debug|x86.Build.0 = Debug|Any CPU
		{F960928D-8C8B-43D7-B848-396C3BE6C852}.Release|Any CPU.ActiveCfg = Release|Any CPU
		{F960928D-8C8B-43D7-B848-396C3BE6C852}.Release|Any CPU.Build.0 = Release|Any CPU
		{F960928D-8C8B-43D7-B848-396C3BE6C852}.Release|ARM.ActiveCfg = Release|Any CPU
		{F960928D-8C8B-43D7-B848-396C3BE6C852}.Release|ARM.Build.0 = Release|Any CPU
		{F960928D-8C8B-43D7-B848-396C3BE6C852}.Release|ARM64.ActiveCfg = Release|Any CPU
		{F960928D-8C8B-43D7-B848-396C3BE6C852}.Release|ARM64.Build.0 = Release|Any CPU
		{F960928D-8C8B-43D7-B848-396C3BE6C852}.Release|x64.ActiveCfg = Release|Any CPU
		{F960928D-8C8B-43D7-B848-396C3BE6C852}.Release|x64.Build.0 = Release|Any CPU
		{F960928D-8C8B-43D7-B848-396C3BE6C852}.Release|x86.ActiveCfg = Release|Any CPU
		{F960928D-8C8B-43D7-B848-396C3BE6C852}.Release|x86.Build.0 = Release|Any CPU
		{4B11831C-9FED-47AB-B1AE-CA8AD2DC2903}.Debug|Any CPU.ActiveCfg = Debug|Any CPU
		{4B11831C-9FED-47AB-B1AE-CA8AD2DC2903}.Debug|Any CPU.Build.0 = Debug|Any CPU
		{4B11831C-9FED-47AB-B1AE-CA8AD2DC2903}.Debug|ARM.ActiveCfg = Debug|Any CPU
		{4B11831C-9FED-47AB-B1AE-CA8AD2DC2903}.Debug|ARM.Build.0 = Debug|Any CPU
		{4B11831C-9FED-47AB-B1AE-CA8AD2DC2903}.Debug|ARM64.ActiveCfg = Debug|Any CPU
		{4B11831C-9FED-47AB-B1AE-CA8AD2DC2903}.Debug|ARM64.Build.0 = Debug|Any CPU
		{4B11831C-9FED-47AB-B1AE-CA8AD2DC2903}.Debug|x64.ActiveCfg = Debug|Any CPU
		{4B11831C-9FED-47AB-B1AE-CA8AD2DC2903}.Debug|x64.Build.0 = Debug|Any CPU
		{4B11831C-9FED-47AB-B1AE-CA8AD2DC2903}.Debug|x86.ActiveCfg = Debug|Any CPU
		{4B11831C-9FED-47AB-B1AE-CA8AD2DC2903}.Debug|x86.Build.0 = Debug|Any CPU
		{4B11831C-9FED-47AB-B1AE-CA8AD2DC2903}.Release|Any CPU.ActiveCfg = Release|Any CPU
		{4B11831C-9FED-47AB-B1AE-CA8AD2DC2903}.Release|Any CPU.Build.0 = Release|Any CPU
		{4B11831C-9FED-47AB-B1AE-CA8AD2DC2903}.Release|ARM.ActiveCfg = Release|Any CPU
		{4B11831C-9FED-47AB-B1AE-CA8AD2DC2903}.Release|ARM.Build.0 = Release|Any CPU
		{4B11831C-9FED-47AB-B1AE-CA8AD2DC2903}.Release|ARM64.ActiveCfg = Release|Any CPU
		{4B11831C-9FED-47AB-B1AE-CA8AD2DC2903}.Release|ARM64.Build.0 = Release|Any CPU
		{4B11831C-9FED-47AB-B1AE-CA8AD2DC2903}.Release|x64.ActiveCfg = Release|Any CPU
		{4B11831C-9FED-47AB-B1AE-CA8AD2DC2903}.Release|x64.Build.0 = Release|Any CPU
		{4B11831C-9FED-47AB-B1AE-CA8AD2DC2903}.Release|x86.ActiveCfg = Release|Any CPU
		{4B11831C-9FED-47AB-B1AE-CA8AD2DC2903}.Release|x86.Build.0 = Release|Any CPU
		{1B068FF3-2B74-4856-9BE5-A29308EC638E}.Debug|Any CPU.ActiveCfg = Debug|Win32
		{1B068FF3-2B74-4856-9BE5-A29308EC638E}.Debug|ARM.ActiveCfg = Debug|x64
		{1B068FF3-2B74-4856-9BE5-A29308EC638E}.Debug|ARM.Build.0 = Debug|x64
		{1B068FF3-2B74-4856-9BE5-A29308EC638E}.Debug|ARM64.ActiveCfg = Debug|x64
		{1B068FF3-2B74-4856-9BE5-A29308EC638E}.Debug|ARM64.Build.0 = Debug|x64
		{1B068FF3-2B74-4856-9BE5-A29308EC638E}.Debug|x64.ActiveCfg = Debug|x64
		{1B068FF3-2B74-4856-9BE5-A29308EC638E}.Debug|x64.Build.0 = Debug|x64
		{1B068FF3-2B74-4856-9BE5-A29308EC638E}.Debug|x86.ActiveCfg = Debug|Win32
		{1B068FF3-2B74-4856-9BE5-A29308EC638E}.Debug|x86.Build.0 = Debug|Win32
		{1B068FF3-2B74-4856-9BE5-A29308EC638E}.Release|Any CPU.ActiveCfg = Release|Win32
		{1B068FF3-2B74-4856-9BE5-A29308EC638E}.Release|ARM.ActiveCfg = Release|x64
		{1B068FF3-2B74-4856-9BE5-A29308EC638E}.Release|ARM.Build.0 = Release|x64
		{1B068FF3-2B74-4856-9BE5-A29308EC638E}.Release|ARM64.ActiveCfg = Release|x64
		{1B068FF3-2B74-4856-9BE5-A29308EC638E}.Release|ARM64.Build.0 = Release|x64
		{1B068FF3-2B74-4856-9BE5-A29308EC638E}.Release|x64.ActiveCfg = Release|x64
		{1B068FF3-2B74-4856-9BE5-A29308EC638E}.Release|x64.Build.0 = Release|x64
		{1B068FF3-2B74-4856-9BE5-A29308EC638E}.Release|x86.ActiveCfg = Release|Win32
		{1B068FF3-2B74-4856-9BE5-A29308EC638E}.Release|x86.Build.0 = Release|Win32
		{620C542B-DFEE-4241-B247-89B6BC91433E}.Debug|Any CPU.ActiveCfg = Debug|Win32
		{620C542B-DFEE-4241-B247-89B6BC91433E}.Debug|ARM.ActiveCfg = Debug|x64
		{620C542B-DFEE-4241-B247-89B6BC91433E}.Debug|ARM.Build.0 = Debug|x64
		{620C542B-DFEE-4241-B247-89B6BC91433E}.Debug|ARM64.ActiveCfg = Debug|x64
		{620C542B-DFEE-4241-B247-89B6BC91433E}.Debug|ARM64.Build.0 = Debug|x64
		{620C542B-DFEE-4241-B247-89B6BC91433E}.Debug|x64.ActiveCfg = Debug|x64
		{620C542B-DFEE-4241-B247-89B6BC91433E}.Debug|x64.Build.0 = Debug|x64
		{620C542B-DFEE-4241-B247-89B6BC91433E}.Debug|x86.ActiveCfg = Debug|Win32
		{620C542B-DFEE-4241-B247-89B6BC91433E}.Debug|x86.Build.0 = Debug|Win32
		{620C542B-DFEE-4241-B247-89B6BC91433E}.Release|Any CPU.ActiveCfg = Release|Win32
		{620C542B-DFEE-4241-B247-89B6BC91433E}.Release|ARM.ActiveCfg = Release|x64
		{620C542B-DFEE-4241-B247-89B6BC91433E}.Release|ARM.Build.0 = Release|x64
		{620C542B-DFEE-4241-B247-89B6BC91433E}.Release|ARM64.ActiveCfg = Release|x64
		{620C542B-DFEE-4241-B247-89B6BC91433E}.Release|ARM64.Build.0 = Release|x64
		{620C542B-DFEE-4241-B247-89B6BC91433E}.Release|x64.ActiveCfg = Release|x64
		{620C542B-DFEE-4241-B247-89B6BC91433E}.Release|x64.Build.0 = Release|x64
		{620C542B-DFEE-4241-B247-89B6BC91433E}.Release|x86.ActiveCfg = Release|Win32
		{620C542B-DFEE-4241-B247-89B6BC91433E}.Release|x86.Build.0 = Release|Win32
		{12106819-6172-4B77-ABAD-3EDE229B76C1}.Debug|Any CPU.ActiveCfg = Debug|Win32
		{12106819-6172-4B77-ABAD-3EDE229B76C1}.Debug|ARM.ActiveCfg = Debug|x64
		{12106819-6172-4B77-ABAD-3EDE229B76C1}.Debug|ARM.Build.0 = Debug|x64
		{12106819-6172-4B77-ABAD-3EDE229B76C1}.Debug|ARM64.ActiveCfg = Debug|x64
		{12106819-6172-4B77-ABAD-3EDE229B76C1}.Debug|ARM64.Build.0 = Debug|x64
		{12106819-6172-4B77-ABAD-3EDE229B76C1}.Debug|x64.ActiveCfg = Debug|x64
		{12106819-6172-4B77-ABAD-3EDE229B76C1}.Debug|x64.Build.0 = Debug|x64
		{12106819-6172-4B77-ABAD-3EDE229B76C1}.Debug|x86.ActiveCfg = Debug|Win32
		{12106819-6172-4B77-ABAD-3EDE229B76C1}.Debug|x86.Build.0 = Debug|Win32
		{12106819-6172-4B77-ABAD-3EDE229B76C1}.Release|Any CPU.ActiveCfg = Release|Win32
		{12106819-6172-4B77-ABAD-3EDE229B76C1}.Release|ARM.ActiveCfg = Release|x64
		{12106819-6172-4B77-ABAD-3EDE229B76C1}.Release|ARM.Build.0 = Release|x64
		{12106819-6172-4B77-ABAD-3EDE229B76C1}.Release|ARM64.ActiveCfg = Release|x64
		{12106819-6172-4B77-ABAD-3EDE229B76C1}.Release|ARM64.Build.0 = Release|x64
		{12106819-6172-4B77-ABAD-3EDE229B76C1}.Release|x64.ActiveCfg = Release|x64
		{12106819-6172-4B77-ABAD-3EDE229B76C1}.Release|x64.Build.0 = Release|x64
		{12106819-6172-4B77-ABAD-3EDE229B76C1}.Release|x86.ActiveCfg = Release|Win32
		{12106819-6172-4B77-ABAD-3EDE229B76C1}.Release|x86.Build.0 = Release|Win32
		{CB517760-8E46-4AF2-AC4C-F41035A8D40B}.Debug|Any CPU.ActiveCfg = Debug|Any CPU
		{CB517760-8E46-4AF2-AC4C-F41035A8D40B}.Debug|Any CPU.Build.0 = Debug|Any CPU
		{CB517760-8E46-4AF2-AC4C-F41035A8D40B}.Debug|ARM.ActiveCfg = Debug|Any CPU
		{CB517760-8E46-4AF2-AC4C-F41035A8D40B}.Debug|ARM.Build.0 = Debug|Any CPU
		{CB517760-8E46-4AF2-AC4C-F41035A8D40B}.Debug|ARM64.ActiveCfg = Debug|Any CPU
		{CB517760-8E46-4AF2-AC4C-F41035A8D40B}.Debug|ARM64.Build.0 = Debug|Any CPU
		{CB517760-8E46-4AF2-AC4C-F41035A8D40B}.Debug|x64.ActiveCfg = Debug|Any CPU
		{CB517760-8E46-4AF2-AC4C-F41035A8D40B}.Debug|x64.Build.0 = Debug|Any CPU
		{CB517760-8E46-4AF2-AC4C-F41035A8D40B}.Debug|x86.ActiveCfg = Debug|Any CPU
		{CB517760-8E46-4AF2-AC4C-F41035A8D40B}.Debug|x86.Build.0 = Debug|Any CPU
		{CB517760-8E46-4AF2-AC4C-F41035A8D40B}.Release|Any CPU.ActiveCfg = Release|Any CPU
		{CB517760-8E46-4AF2-AC4C-F41035A8D40B}.Release|Any CPU.Build.0 = Release|Any CPU
		{CB517760-8E46-4AF2-AC4C-F41035A8D40B}.Release|ARM.ActiveCfg = Release|Any CPU
		{CB517760-8E46-4AF2-AC4C-F41035A8D40B}.Release|ARM.Build.0 = Release|Any CPU
		{CB517760-8E46-4AF2-AC4C-F41035A8D40B}.Release|ARM64.ActiveCfg = Release|Any CPU
		{CB517760-8E46-4AF2-AC4C-F41035A8D40B}.Release|ARM64.Build.0 = Release|Any CPU
		{CB517760-8E46-4AF2-AC4C-F41035A8D40B}.Release|x64.ActiveCfg = Release|Any CPU
		{CB517760-8E46-4AF2-AC4C-F41035A8D40B}.Release|x64.Build.0 = Release|Any CPU
		{CB517760-8E46-4AF2-AC4C-F41035A8D40B}.Release|x86.ActiveCfg = Release|Any CPU
		{CB517760-8E46-4AF2-AC4C-F41035A8D40B}.Release|x86.Build.0 = Release|Any CPU
		{B857AF42-3337-4716-8933-97ACF28B8785}.Debug|Any CPU.ActiveCfg = Debug|Win32
		{B857AF42-3337-4716-8933-97ACF28B8785}.Debug|ARM.ActiveCfg = Debug|x64
		{B857AF42-3337-4716-8933-97ACF28B8785}.Debug|ARM.Build.0 = Debug|x64
		{B857AF42-3337-4716-8933-97ACF28B8785}.Debug|ARM64.ActiveCfg = Debug|x64
		{B857AF42-3337-4716-8933-97ACF28B8785}.Debug|ARM64.Build.0 = Debug|x64
		{B857AF42-3337-4716-8933-97ACF28B8785}.Debug|x64.ActiveCfg = Debug|x64
		{B857AF42-3337-4716-8933-97ACF28B8785}.Debug|x64.Build.0 = Debug|x64
		{B857AF42-3337-4716-8933-97ACF28B8785}.Debug|x86.ActiveCfg = Debug|Win32
		{B857AF42-3337-4716-8933-97ACF28B8785}.Debug|x86.Build.0 = Debug|Win32
		{B857AF42-3337-4716-8933-97ACF28B8785}.Release|Any CPU.ActiveCfg = Release|Win32
		{B857AF42-3337-4716-8933-97ACF28B8785}.Release|ARM.ActiveCfg = Release|x64
		{B857AF42-3337-4716-8933-97ACF28B8785}.Release|ARM.Build.0 = Release|x64
		{B857AF42-3337-4716-8933-97ACF28B8785}.Release|ARM64.ActiveCfg = Release|x64
		{B857AF42-3337-4716-8933-97ACF28B8785}.Release|ARM64.Build.0 = Release|x64
		{B857AF42-3337-4716-8933-97ACF28B8785}.Release|x64.ActiveCfg = Release|x64
		{B857AF42-3337-4716-8933-97ACF28B8785}.Release|x64.Build.0 = Release|x64
		{B857AF42-3337-4716-8933-97ACF28B8785}.Release|x86.ActiveCfg = Release|Win32
		{B857AF42-3337-4716-8933-97ACF28B8785}.Release|x86.Build.0 = Release|Win32
		{B43585F1-83D4-442F-BB80-F56052F69EA0}.Debug|Any CPU.ActiveCfg = Debug|x64
		{B43585F1-83D4-442F-BB80-F56052F69EA0}.Debug|Any CPU.Build.0 = Debug|x64
		{B43585F1-83D4-442F-BB80-F56052F69EA0}.Debug|ARM.ActiveCfg = Debug|ARM
		{B43585F1-83D4-442F-BB80-F56052F69EA0}.Debug|ARM.Build.0 = Debug|ARM
		{B43585F1-83D4-442F-BB80-F56052F69EA0}.Debug|ARM64.ActiveCfg = Debug|x64
		{B43585F1-83D4-442F-BB80-F56052F69EA0}.Debug|ARM64.Build.0 = Debug|x64
		{B43585F1-83D4-442F-BB80-F56052F69EA0}.Debug|x64.ActiveCfg = Debug|x64
		{B43585F1-83D4-442F-BB80-F56052F69EA0}.Debug|x64.Build.0 = Debug|x64
		{B43585F1-83D4-442F-BB80-F56052F69EA0}.Debug|x86.ActiveCfg = Debug|Win32
		{B43585F1-83D4-442F-BB80-F56052F69EA0}.Debug|x86.Build.0 = Debug|Win32
		{B43585F1-83D4-442F-BB80-F56052F69EA0}.Release|Any CPU.ActiveCfg = Release|x64
		{B43585F1-83D4-442F-BB80-F56052F69EA0}.Release|Any CPU.Build.0 = Release|x64
		{B43585F1-83D4-442F-BB80-F56052F69EA0}.Release|ARM.ActiveCfg = Release|ARM
		{B43585F1-83D4-442F-BB80-F56052F69EA0}.Release|ARM.Build.0 = Release|ARM
		{B43585F1-83D4-442F-BB80-F56052F69EA0}.Release|ARM64.ActiveCfg = Release|x64
		{B43585F1-83D4-442F-BB80-F56052F69EA0}.Release|ARM64.Build.0 = Release|x64
		{B43585F1-83D4-442F-BB80-F56052F69EA0}.Release|x64.ActiveCfg = Release|x64
		{B43585F1-83D4-442F-BB80-F56052F69EA0}.Release|x64.Build.0 = Release|x64
		{B43585F1-83D4-442F-BB80-F56052F69EA0}.Release|x86.ActiveCfg = Release|Win32
		{B43585F1-83D4-442F-BB80-F56052F69EA0}.Release|x86.Build.0 = Release|Win32
		{3A87237A-9649-4432-981A-4A7B160EFC79}.Debug|Any CPU.ActiveCfg = Debug|x64
		{3A87237A-9649-4432-981A-4A7B160EFC79}.Debug|Any CPU.Build.0 = Debug|x64
		{3A87237A-9649-4432-981A-4A7B160EFC79}.Debug|ARM.ActiveCfg = Debug|ARM
		{3A87237A-9649-4432-981A-4A7B160EFC79}.Debug|ARM.Build.0 = Debug|ARM
		{3A87237A-9649-4432-981A-4A7B160EFC79}.Debug|ARM64.ActiveCfg = Debug|ARM64
		{3A87237A-9649-4432-981A-4A7B160EFC79}.Debug|ARM64.Build.0 = Debug|ARM64
		{3A87237A-9649-4432-981A-4A7B160EFC79}.Debug|x64.ActiveCfg = Debug|x64
		{3A87237A-9649-4432-981A-4A7B160EFC79}.Debug|x64.Build.0 = Debug|x64
		{3A87237A-9649-4432-981A-4A7B160EFC79}.Debug|x86.ActiveCfg = Debug|Win32
		{3A87237A-9649-4432-981A-4A7B160EFC79}.Debug|x86.Build.0 = Debug|Win32
		{3A87237A-9649-4432-981A-4A7B160EFC79}.Release|Any CPU.ActiveCfg = Release|x64
		{3A87237A-9649-4432-981A-4A7B160EFC79}.Release|Any CPU.Build.0 = Release|x64
		{3A87237A-9649-4432-981A-4A7B160EFC79}.Release|ARM.ActiveCfg = Release|ARM
		{3A87237A-9649-4432-981A-4A7B160EFC79}.Release|ARM.Build.0 = Release|ARM
		{3A87237A-9649-4432-981A-4A7B160EFC79}.Release|ARM64.ActiveCfg = Release|ARM64
		{3A87237A-9649-4432-981A-4A7B160EFC79}.Release|ARM64.Build.0 = Release|ARM64
		{3A87237A-9649-4432-981A-4A7B160EFC79}.Release|x64.ActiveCfg = Release|x64
		{3A87237A-9649-4432-981A-4A7B160EFC79}.Release|x64.Build.0 = Release|x64
		{3A87237A-9649-4432-981A-4A7B160EFC79}.Release|x86.ActiveCfg = Release|Win32
		{3A87237A-9649-4432-981A-4A7B160EFC79}.Release|x86.Build.0 = Release|Win32
		{C47C73C1-D749-4480-81A0-A156F17D8AFA}.Debug|Any CPU.ActiveCfg = Debug|Any CPU
		{C47C73C1-D749-4480-81A0-A156F17D8AFA}.Debug|Any CPU.Build.0 = Debug|Any CPU
		{C47C73C1-D749-4480-81A0-A156F17D8AFA}.Debug|ARM.ActiveCfg = Debug|Any CPU
		{C47C73C1-D749-4480-81A0-A156F17D8AFA}.Debug|ARM.Build.0 = Debug|Any CPU
		{C47C73C1-D749-4480-81A0-A156F17D8AFA}.Debug|ARM64.ActiveCfg = Debug|Any CPU
		{C47C73C1-D749-4480-81A0-A156F17D8AFA}.Debug|ARM64.Build.0 = Debug|Any CPU
		{C47C73C1-D749-4480-81A0-A156F17D8AFA}.Debug|x64.ActiveCfg = Debug|x64
		{C47C73C1-D749-4480-81A0-A156F17D8AFA}.Debug|x64.Build.0 = Debug|x64
		{C47C73C1-D749-4480-81A0-A156F17D8AFA}.Debug|x86.ActiveCfg = Debug|Any CPU
		{C47C73C1-D749-4480-81A0-A156F17D8AFA}.Debug|x86.Build.0 = Debug|Any CPU
		{C47C73C1-D749-4480-81A0-A156F17D8AFA}.Release|Any CPU.ActiveCfg = Release|Any CPU
		{C47C73C1-D749-4480-81A0-A156F17D8AFA}.Release|Any CPU.Build.0 = Release|Any CPU
		{C47C73C1-D749-4480-81A0-A156F17D8AFA}.Release|ARM.ActiveCfg = Release|Any CPU
		{C47C73C1-D749-4480-81A0-A156F17D8AFA}.Release|ARM.Build.0 = Release|Any CPU
		{C47C73C1-D749-4480-81A0-A156F17D8AFA}.Release|ARM64.ActiveCfg = Release|Any CPU
		{C47C73C1-D749-4480-81A0-A156F17D8AFA}.Release|ARM64.Build.0 = Release|Any CPU
		{C47C73C1-D749-4480-81A0-A156F17D8AFA}.Release|x64.ActiveCfg = Release|x64
		{C47C73C1-D749-4480-81A0-A156F17D8AFA}.Release|x64.Build.0 = Release|x64
		{C47C73C1-D749-4480-81A0-A156F17D8AFA}.Release|x86.ActiveCfg = Release|Any CPU
		{C47C73C1-D749-4480-81A0-A156F17D8AFA}.Release|x86.Build.0 = Release|Any CPU
		{AAEA4FBC-CEAB-4C1F-A0BD-0D1B2E88B726}.Debug|Any CPU.ActiveCfg = Debug|Any CPU
		{AAEA4FBC-CEAB-4C1F-A0BD-0D1B2E88B726}.Debug|Any CPU.Build.0 = Debug|Any CPU
		{AAEA4FBC-CEAB-4C1F-A0BD-0D1B2E88B726}.Debug|ARM.ActiveCfg = Debug|Any CPU
		{AAEA4FBC-CEAB-4C1F-A0BD-0D1B2E88B726}.Debug|ARM.Build.0 = Debug|Any CPU
		{AAEA4FBC-CEAB-4C1F-A0BD-0D1B2E88B726}.Debug|ARM64.ActiveCfg = Debug|Any CPU
		{AAEA4FBC-CEAB-4C1F-A0BD-0D1B2E88B726}.Debug|ARM64.Build.0 = Debug|Any CPU
		{AAEA4FBC-CEAB-4C1F-A0BD-0D1B2E88B726}.Debug|x64.ActiveCfg = Debug|x64
		{AAEA4FBC-CEAB-4C1F-A0BD-0D1B2E88B726}.Debug|x64.Build.0 = Debug|x64
		{AAEA4FBC-CEAB-4C1F-A0BD-0D1B2E88B726}.Debug|x86.ActiveCfg = Debug|Any CPU
		{AAEA4FBC-CEAB-4C1F-A0BD-0D1B2E88B726}.Debug|x86.Build.0 = Debug|Any CPU
		{AAEA4FBC-CEAB-4C1F-A0BD-0D1B2E88B726}.Release|Any CPU.ActiveCfg = Release|Any CPU
		{AAEA4FBC-CEAB-4C1F-A0BD-0D1B2E88B726}.Release|Any CPU.Build.0 = Release|Any CPU
		{AAEA4FBC-CEAB-4C1F-A0BD-0D1B2E88B726}.Release|ARM.ActiveCfg = Release|Any CPU
		{AAEA4FBC-CEAB-4C1F-A0BD-0D1B2E88B726}.Release|ARM.Build.0 = Release|Any CPU
		{AAEA4FBC-CEAB-4C1F-A0BD-0D1B2E88B726}.Release|ARM64.ActiveCfg = Release|Any CPU
		{AAEA4FBC-CEAB-4C1F-A0BD-0D1B2E88B726}.Release|ARM64.Build.0 = Release|Any CPU
		{AAEA4FBC-CEAB-4C1F-A0BD-0D1B2E88B726}.Release|x64.ActiveCfg = Release|x64
		{AAEA4FBC-CEAB-4C1F-A0BD-0D1B2E88B726}.Release|x64.Build.0 = Release|x64
		{AAEA4FBC-CEAB-4C1F-A0BD-0D1B2E88B726}.Release|x86.ActiveCfg = Release|Any CPU
		{AAEA4FBC-CEAB-4C1F-A0BD-0D1B2E88B726}.Release|x86.Build.0 = Release|Any CPU
		{752E618D-924E-4040-9177-B8BDA485ECA0}.Debug|Any CPU.ActiveCfg = Debug|x64
		{752E618D-924E-4040-9177-B8BDA485ECA0}.Debug|Any CPU.Build.0 = Debug|x64
		{752E618D-924E-4040-9177-B8BDA485ECA0}.Debug|Any CPU.Deploy.0 = Debug|x64
		{752E618D-924E-4040-9177-B8BDA485ECA0}.Debug|ARM.ActiveCfg = Debug|x64
		{752E618D-924E-4040-9177-B8BDA485ECA0}.Debug|ARM.Build.0 = Debug|x64
		{752E618D-924E-4040-9177-B8BDA485ECA0}.Debug|ARM.Deploy.0 = Debug|x64
		{752E618D-924E-4040-9177-B8BDA485ECA0}.Debug|ARM64.ActiveCfg = Debug|arm64
		{752E618D-924E-4040-9177-B8BDA485ECA0}.Debug|ARM64.Build.0 = Debug|arm64
		{752E618D-924E-4040-9177-B8BDA485ECA0}.Debug|ARM64.Deploy.0 = Debug|arm64
		{752E618D-924E-4040-9177-B8BDA485ECA0}.Debug|x64.ActiveCfg = Debug|x64
		{752E618D-924E-4040-9177-B8BDA485ECA0}.Debug|x64.Build.0 = Debug|x64
		{752E618D-924E-4040-9177-B8BDA485ECA0}.Debug|x64.Deploy.0 = Debug|x64
		{752E618D-924E-4040-9177-B8BDA485ECA0}.Debug|x86.ActiveCfg = Debug|x86
		{752E618D-924E-4040-9177-B8BDA485ECA0}.Debug|x86.Build.0 = Debug|x86
		{752E618D-924E-4040-9177-B8BDA485ECA0}.Debug|x86.Deploy.0 = Debug|x86
		{752E618D-924E-4040-9177-B8BDA485ECA0}.Release|Any CPU.ActiveCfg = Release|x64
		{752E618D-924E-4040-9177-B8BDA485ECA0}.Release|Any CPU.Build.0 = Release|x64
		{752E618D-924E-4040-9177-B8BDA485ECA0}.Release|Any CPU.Deploy.0 = Release|x64
		{752E618D-924E-4040-9177-B8BDA485ECA0}.Release|ARM.ActiveCfg = Release|x64
		{752E618D-924E-4040-9177-B8BDA485ECA0}.Release|ARM.Build.0 = Release|x64
		{752E618D-924E-4040-9177-B8BDA485ECA0}.Release|ARM.Deploy.0 = Release|x64
		{752E618D-924E-4040-9177-B8BDA485ECA0}.Release|ARM64.ActiveCfg = Release|arm64
		{752E618D-924E-4040-9177-B8BDA485ECA0}.Release|ARM64.Build.0 = Release|arm64
		{752E618D-924E-4040-9177-B8BDA485ECA0}.Release|ARM64.Deploy.0 = Release|arm64
		{752E618D-924E-4040-9177-B8BDA485ECA0}.Release|x64.ActiveCfg = Release|x64
		{752E618D-924E-4040-9177-B8BDA485ECA0}.Release|x64.Build.0 = Release|x64
		{752E618D-924E-4040-9177-B8BDA485ECA0}.Release|x64.Deploy.0 = Release|x64
		{752E618D-924E-4040-9177-B8BDA485ECA0}.Release|x86.ActiveCfg = Release|x86
		{752E618D-924E-4040-9177-B8BDA485ECA0}.Release|x86.Build.0 = Release|x86
		{752E618D-924E-4040-9177-B8BDA485ECA0}.Release|x86.Deploy.0 = Release|x86
	EndGlobalSection
	GlobalSection(SolutionProperties) = preSolution
		HideSolutionNode = FALSE
	EndGlobalSection
	GlobalSection(ExtensibilityGlobals) = postSolution
		SolutionGuid = {1E29A249-5D48-4B68-95F1-271F1D58397E}
	EndGlobalSection
EndGlobal
