
Microsoft Visual Studio Solution File, Format Version 12.00
# Visual Studio Version 17
VisualStudioVersion = 17.2.32630.192
MinimumVisualStudioVersion = 10.0.40219.1
Project("{2150E333-8FDC-42A3-9474-1A3956D46DE8}") = "Solution Items", "Solution Items", "{1E225328-DA3A-46A3-9D5E-2CFF68EE4CF0}"
	ProjectSection(SolutionItems) = preProject
		StatisticsViewer\README.md = StatisticsViewer\README.md
	EndProjectSection
EndProject
Project("{9A19103F-16F7-4668-BE54-9A1E7A4F7556}") = "StatisticsConsole", "StatisticsViewer\StatisticsConsole\StatisticsConsole.csproj", "{42A9B7E1-D59F-420C-85F9-D96FAC5161E9}"
EndProject
Project("{9A19103F-16F7-4668-BE54-9A1E7A4F7556}") = "StatisticsViewerWinUI", "StatisticsViewer\StatisticsViewerWinUI\StatisticsViewerWinUI.csproj", "{1F0DE636-12CB-48B7-A59D-35C81E6AC919}"
EndProject
Global
	GlobalSection(SolutionConfigurationPlatforms) = preSolution
		Debug|Any CPU = Debug|Any CPU
		Debug|arm64 = Debug|arm64
		Debug|x64 = Debug|x64
		Debug|x86 = Debug|x86
		Release|Any CPU = Release|Any CPU
		Release|arm64 = Release|arm64
		Release|x64 = Release|x64
		Release|x86 = Release|x86
	EndGlobalSection
	GlobalSection(ProjectConfigurationPlatforms) = postSolution
		{42A9B7E1-D59F-420C-85F9-D96FAC5161E9}.Debug|Any CPU.ActiveCfg = Debug|Any CPU
		{42A9B7E1-D59F-420C-85F9-D96FAC5161E9}.Debug|Any CPU.Build.0 = Debug|Any CPU
		{42A9B7E1-D59F-420C-85F9-D96FAC5161E9}.Debug|arm64.ActiveCfg = Debug|Any CPU
		{42A9B7E1-D59F-420C-85F9-D96FAC5161E9}.Debug|arm64.Build.0 = Debug|Any CPU
		{42A9B7E1-D59F-420C-85F9-D96FAC5161E9}.Debug|x64.ActiveCfg = Debug|x64
		{42A9B7E1-D59F-420C-85F9-D96FAC5161E9}.Debug|x64.Build.0 = Debug|x64
		{42A9B7E1-D59F-420C-85F9-D96FAC5161E9}.Debug|x86.ActiveCfg = Debug|Any CPU
		{42A9B7E1-D59F-420C-85F9-D96FAC5161E9}.Debug|x86.Build.0 = Debug|Any CPU
		{42A9B7E1-D59F-420C-85F9-D96FAC5161E9}.Release|Any CPU.ActiveCfg = Release|Any CPU
		{42A9B7E1-D59F-420C-85F9-D96FAC5161E9}.Release|Any CPU.Build.0 = Release|Any CPU
		{42A9B7E1-D59F-420C-85F9-D96FAC5161E9}.Release|arm64.ActiveCfg = Release|Any CPU
		{42A9B7E1-D59F-420C-85F9-D96FAC5161E9}.Release|arm64.Build.0 = Release|Any CPU
		{42A9B7E1-D59F-420C-85F9-D96FAC5161E9}.Release|x64.ActiveCfg = Release|x64
		{42A9B7E1-D59F-420C-85F9-D96FAC5161E9}.Release|x64.Build.0 = Release|x64
		{42A9B7E1-D59F-420C-85F9-D96FAC5161E9}.Release|x86.ActiveCfg = Release|Any CPU
		{42A9B7E1-D59F-420C-85F9-D96FAC5161E9}.Release|x86.Build.0 = Release|Any CPU
		{1F0DE636-12CB-48B7-A59D-35C81E6AC919}.Debug|Any CPU.ActiveCfg = Debug|x64
		{1F0DE636-12CB-48B7-A59D-35C81E6AC919}.Debug|Any CPU.Build.0 = Debug|x64
		{1F0DE636-12CB-48B7-A59D-35C81E6AC919}.Debug|Any CPU.Deploy.0 = Debug|x64
		{1F0DE636-12CB-48B7-A59D-35C81E6AC919}.Debug|arm64.ActiveCfg = Debug|arm64
		{1F0DE636-12CB-48B7-A59D-35C81E6AC919}.Debug|arm64.Build.0 = Debug|arm64
		{1F0DE636-12CB-48B7-A59D-35C81E6AC919}.Debug|arm64.Deploy.0 = Debug|arm64
		{1F0DE636-12CB-48B7-A59D-35C81E6AC919}.Debug|x64.ActiveCfg = Debug|x64
		{1F0DE636-12CB-48B7-A59D-35C81E6AC919}.Debug|x64.Build.0 = Debug|x64
		{1F0DE636-12CB-48B7-A59D-35C81E6AC919}.Debug|x64.Deploy.0 = Debug|x64
		{1F0DE636-12CB-48B7-A59D-35C81E6AC919}.Debug|x86.ActiveCfg = Debug|x86
		{1F0DE636-12CB-48B7-A59D-35C81E6AC919}.Debug|x86.Build.0 = Debug|x86
		{1F0DE636-12CB-48B7-A59D-35C81E6AC919}.Debug|x86.Deploy.0 = Debug|x86
		{1F0DE636-12CB-48B7-A59D-35C81E6AC919}.Release|Any CPU.ActiveCfg = Release|x64
		{1F0DE636-12CB-48B7-A59D-35C81E6AC919}.Release|Any CPU.Build.0 = Release|x64
		{1F0DE636-12CB-48B7-A59D-35C81E6AC919}.Release|Any CPU.Deploy.0 = Release|x64
		{1F0DE636-12CB-48B7-A59D-35C81E6AC919}.Release|arm64.ActiveCfg = Release|arm64
		{1F0DE636-12CB-48B7-A59D-35C81E6AC919}.Release|arm64.Build.0 = Release|arm64
		{1F0DE636-12CB-48B7-A59D-35C81E6AC919}.Release|arm64.Deploy.0 = Release|arm64
		{1F0DE636-12CB-48B7-A59D-35C81E6AC919}.Release|x64.ActiveCfg = Release|x64
		{1F0DE636-12CB-48B7-A59D-35C81E6AC919}.Release|x64.Build.0 = Release|x64
		{1F0DE636-12CB-48B7-A59D-35C81E6AC919}.Release|x64.Deploy.0 = Release|x64
		{1F0DE636-12CB-48B7-A59D-35C81E6AC919}.Release|x86.ActiveCfg = Release|x86
		{1F0DE636-12CB-48B7-A59D-35C81E6AC919}.Release|x86.Build.0 = Release|x86
		{1F0DE636-12CB-48B7-A59D-35C81E6AC919}.Release|x86.Deploy.0 = Release|x86
	EndGlobalSection
	GlobalSection(SolutionProperties) = preSolution
		HideSolutionNode = FALSE
	EndGlobalSection
	GlobalSection(ExtensibilityGlobals) = postSolution
		SolutionGuid = {A7CBD2AB-256A-4A34-9BF8-D7F8F24E28BD}
	EndGlobalSection
EndGlobal
