
Microsoft Visual Studio Solution File, Format Version 12.00
# Visual Studio Version 17
VisualStudioVersion = 17.2.32630.192
MinimumVisualStudioVersion = 10.0.40219.1
Project("{2150E333-8FDC-42A3-9474-1A3956D46DE8}") = "Solution Items", "Solution Items", "{371124C9-54AE-4B9A-A039-945102CDF132}"
	ProjectSection(SolutionItems) = preProject
		StatisticsLibrary\Directory.Build.props = StatisticsLibrary\Directory.Build.props
		StatisticsLibrary\Projects.txt = StatisticsLibrary\Projects.txt
		StatisticsLibrary\README.md = StatisticsLibrary\README.md
	EndProjectSection
EndProject
Project("{8BC9CEB8-8B4A-11D0-8D11-00A0C91BC942}") = "StatisticsLibrary", "StatisticsLibrary\StatisticsLibrary\StatisticsLibrary.vcxproj", "{B43585F1-83D4-442F-BB80-F56052F69EA0}"
EndProject
Project("{9A19103F-16F7-4668-BE54-9A1E7A4F7556}") = "StatisticsLibraryProjection", "StatisticsLibrary\StatisticsLibraryProjection\StatisticsLibraryProjection.csproj", "{D4D2DDDD-7601-4A54-9ED5-A79BB6DE47B7}"
EndProject
Project("{8BC9CEB8-8B4A-11D0-8D11-00A0C91BC942}") = "StatisticsLibraryWRC", "StatisticsLibrary\StatisticsLibraryWRC\StatisticsLibraryWRC.vcxproj", "{3A87237A-9649-4432-981A-4A7B160EFC79}"
EndProject
Global
	GlobalSection(SolutionConfigurationPlatforms) = preSolution
		Debug|Any CPU = Debug|Any CPU
		Debug|ARM = Debug|ARM
		Debug|ARM64 = Debug|ARM64
		Debug|x64 = Debug|x64
		Debug|x86 = Debug|x86
		Release|Any CPU = Release|Any CPU
		Release|ARM = Release|ARM
		Release|ARM64 = Release|ARM64
		Release|x64 = Release|x64
		Release|x86 = Release|x86
	EndGlobalSection
	GlobalSection(ProjectConfigurationPlatforms) = postSolution
		{B43585F1-83D4-442F-BB80-F56052F69EA0}.Debug|Any CPU.ActiveCfg = Debug|x64
		{B43585F1-83D4-442F-BB80-F56052F69EA0}.Debug|Any CPU.Build.0 = Debug|x64
		{B43585F1-83D4-442F-BB80-F56052F69EA0}.Debug|ARM.ActiveCfg = Debug|ARM
		{B43585F1-83D4-442F-BB80-F56052F69EA0}.Debug|ARM.Build.0 = Debug|ARM
		{B43585F1-83D4-442F-BB80-F56052F69EA0}.Debug|ARM64.ActiveCfg = Debug|x64
		{B43585F1-83D4-442F-BB80-F56052F69EA0}.Debug|ARM64.Build.0 = Debug|x64
		{B43585F1-83D4-442F-BB80-F56052F69EA0}.Debug|x64.ActiveCfg = Debug|x64
		{B43585F1-83D4-442F-BB80-F56052F69EA0}.Debug|x64.Build.0 = Debug|x64
		{B43585F1-83D4-442F-BB80-F56052F69EA0}.Debug|x86.ActiveCfg = Debug|Win32
		{B43585F1-83D4-442F-BB80-F56052F69EA0}.Debug|x86.Build.0 = Debug|Win32
		{B43585F1-83D4-442F-BB80-F56052F69EA0}.Release|Any CPU.ActiveCfg = Release|x64
		{B43585F1-83D4-442F-BB80-F56052F69EA0}.Release|Any CPU.Build.0 = Release|x64
		{B43585F1-83D4-442F-BB80-F56052F69EA0}.Release|ARM.ActiveCfg = Release|ARM
		{B43585F1-83D4-442F-BB80-F56052F69EA0}.Release|ARM.Build.0 = Release|ARM
		{B43585F1-83D4-442F-BB80-F56052F69EA0}.Release|ARM64.ActiveCfg = Release|x64
		{B43585F1-83D4-442F-BB80-F56052F69EA0}.Release|ARM64.Build.0 = Release|x64
		{B43585F1-83D4-442F-BB80-F56052F69EA0}.Release|x64.ActiveCfg = Release|x64
		{B43585F1-83D4-442F-BB80-F56052F69EA0}.Release|x64.Build.0 = Release|x64
		{B43585F1-83D4-442F-BB80-F56052F69EA0}.Release|x86.ActiveCfg = Release|Win32
		{B43585F1-83D4-442F-BB80-F56052F69EA0}.Release|x86.Build.0 = Release|Win32
		{D4D2DDDD-7601-4A54-9ED5-A79BB6DE47B7}.Debug|Any CPU.ActiveCfg = Debug|Any CPU
		{D4D2DDDD-7601-4A54-9ED5-A79BB6DE47B7}.Debug|Any CPU.Build.0 = Debug|Any CPU
		{D4D2DDDD-7601-4A54-9ED5-A79BB6DE47B7}.Debug|ARM.ActiveCfg = Debug|Any CPU
		{D4D2DDDD-7601-4A54-9ED5-A79BB6DE47B7}.Debug|ARM.Build.0 = Debug|Any CPU
		{D4D2DDDD-7601-4A54-9ED5-A79BB6DE47B7}.Debug|ARM64.ActiveCfg = Debug|Any CPU
		{D4D2DDDD-7601-4A54-9ED5-A79BB6DE47B7}.Debug|ARM64.Build.0 = Debug|Any CPU
		{D4D2DDDD-7601-4A54-9ED5-A79BB6DE47B7}.Debug|x64.ActiveCfg = Debug|x64
		{D4D2DDDD-7601-4A54-9ED5-A79BB6DE47B7}.Debug|x64.Build.0 = Debug|x64
		{D4D2DDDD-7601-4A54-9ED5-A79BB6DE47B7}.Debug|x86.ActiveCfg = Debug|Any CPU
		{D4D2DDDD-7601-4A54-9ED5-A79BB6DE47B7}.Debug|x86.Build.0 = Debug|Any CPU
		{D4D2DDDD-7601-4A54-9ED5-A79BB6DE47B7}.Release|Any CPU.ActiveCfg = Release|Any CPU
		{D4D2DDDD-7601-4A54-9ED5-A79BB6DE47B7}.Release|Any CPU.Build.0 = Release|Any CPU
		{D4D2DDDD-7601-4A54-9ED5-A79BB6DE47B7}.Release|ARM.ActiveCfg = Release|Any CPU
		{D4D2DDDD-7601-4A54-9ED5-A79BB6DE47B7}.Release|ARM.Build.0 = Release|Any CPU
		{D4D2DDDD-7601-4A54-9ED5-A79BB6DE47B7}.Release|ARM64.ActiveCfg = Release|Any CPU
		{D4D2DDDD-7601-4A54-9ED5-A79BB6DE47B7}.Release|ARM64.Build.0 = Release|Any CPU
		{D4D2DDDD-7601-4A54-9ED5-A79BB6DE47B7}.Release|x64.ActiveCfg = Release|x64
		{D4D2DDDD-7601-4A54-9ED5-A79BB6DE47B7}.Release|x64.Build.0 = Release|x64
		{D4D2DDDD-7601-4A54-9ED5-A79BB6DE47B7}.Release|x86.ActiveCfg = Release|Any CPU
		{D4D2DDDD-7601-4A54-9ED5-A79BB6DE47B7}.Release|x86.Build.0 = Release|Any CPU
		{3A87237A-9649-4432-981A-4A7B160EFC79}.Debug|Any CPU.ActiveCfg = Debug|x64
		{3A87237A-9649-4432-981A-4A7B160EFC79}.Debug|Any CPU.Build.0 = Debug|x64
		{3A87237A-9649-4432-981A-4A7B160EFC79}.Debug|ARM.ActiveCfg = Debug|ARM
		{3A87237A-9649-4432-981A-4A7B160EFC79}.Debug|ARM.Build.0 = Debug|ARM
		{3A87237A-9649-4432-981A-4A7B160EFC79}.Debug|ARM64.ActiveCfg = Debug|ARM64
		{3A87237A-9649-4432-981A-4A7B160EFC79}.Debug|ARM64.Build.0 = Debug|ARM64
		{3A87237A-9649-4432-981A-4A7B160EFC79}.Debug|x64.ActiveCfg = Debug|x64
		{3A87237A-9649-4432-981A-4A7B160EFC79}.Debug|x64.Build.0 = Debug|x64
		{3A87237A-9649-4432-981A-4A7B160EFC79}.Debug|x86.ActiveCfg = Debug|Win32
		{3A87237A-9649-4432-981A-4A7B160EFC79}.Debug|x86.Build.0 = Debug|Win32
		{3A87237A-9649-4432-981A-4A7B160EFC79}.Release|Any CPU.ActiveCfg = Release|x64
		{3A87237A-9649-4432-981A-4A7B160EFC79}.Release|Any CPU.Build.0 = Release|x64
		{3A87237A-9649-4432-981A-4A7B160EFC79}.Release|ARM.ActiveCfg = Release|ARM
		{3A87237A-9649-4432-981A-4A7B160EFC79}.Release|ARM.Build.0 = Release|ARM
		{3A87237A-9649-4432-981A-4A7B160EFC79}.Release|ARM64.ActiveCfg = Release|ARM64
		{3A87237A-9649-4432-981A-4A7B160EFC79}.Release|ARM64.Build.0 = Release|ARM64
		{3A87237A-9649-4432-981A-4A7B160EFC79}.Release|x64.ActiveCfg = Release|x64
		{3A87237A-9649-4432-981A-4A7B160EFC79}.Release|x64.Build.0 = Release|x64
		{3A87237A-9649-4432-981A-4A7B160EFC79}.Release|x86.ActiveCfg = Release|Win32
		{3A87237A-9649-4432-981A-4A7B160EFC79}.Release|x86.Build.0 = Release|Win32
	EndGlobalSection
	GlobalSection(SolutionProperties) = preSolution
		HideSolutionNode = FALSE
	EndGlobalSection
	GlobalSection(ExtensibilityGlobals) = postSolution
		SolutionGuid = {BFBC2DFC-0FA4-4027-AA49-6C2EA7CA788D}
	EndGlobalSection
EndGlobal
